// !$*UTF8*$!
{
	archiveVersion = 1;
	classes = {
	};
	objectVersion = 50;
	objects = {

/* Begin PBXBuildFile section */
		4A821A4324FB1FE800A1692A /* AppDelegate.swift in Sources */ = {isa = PBXBuildFile; fileRef = 4A821A4224FB1FE800A1692A /* AppDelegate.swift */; };
		4A821A4524FB1FE800A1692A /* SceneDelegate.swift in Sources */ = {isa = PBXBuildFile; fileRef = 4A821A4424FB1FE800A1692A /* SceneDelegate.swift */; };
		4A821A4724FB1FE800A1692A /* ContentView.swift in Sources */ = {isa = PBXBuildFile; fileRef = 4A821A4624FB1FE800A1692A /* ContentView.swift */; };
		4A821A4C24FB1FF000A1692A /* Preview Assets.xcassets in Resources */ = {isa = PBXBuildFile; fileRef = 4A821A4B24FB1FF000A1692A /* Preview Assets.xcassets */; };
		4A821A4F24FB1FF000A1692A /* LaunchScreen.storyboard in Resources */ = {isa = PBXBuildFile; fileRef = 4A821A4D24FB1FF000A1692A /* LaunchScreen.storyboard */; };
		4A821A5924FB22B300A1692A /* HomeView.swift in Sources */ = {isa = PBXBuildFile; fileRef = 4A821A5824FB22B300A1692A /* HomeView.swift */; };
		4A821A5B24FB22E500A1692A /* ConfigView.swift in Sources */ = {isa = PBXBuildFile; fileRef = 4A821A5A24FB22E500A1692A /* ConfigView.swift */; };
		4A821A5D24FB29FB00A1692A /* Assets.xcassets in Resources */ = {isa = PBXBuildFile; fileRef = 4A821A5C24FB29FB00A1692A /* Assets.xcassets */; };
		4A821A6024FB2A2000A1692A /* Savoye LET.ttc in Resources */ = {isa = PBXBuildFile; fileRef = 4A821A5F24FB2A2000A1692A /* Savoye LET.ttc */; };
		4A821A6524FB2A8600A1692A /* quotes.json in Resources */ = {isa = PBXBuildFile; fileRef = 4A821A6224FB2A8600A1692A /* quotes.json */; };
		4A821A6624FB2A8600A1692A /* Quote.swift in Sources */ = {isa = PBXBuildFile; fileRef = 4A821A6324FB2A8600A1692A /* Quote.swift */; };
		4A821A6724FB2A8600A1692A /* QuoteManager.swift in Sources */ = {isa = PBXBuildFile; fileRef = 4A821A6424FB2A8600A1692A /* QuoteManager.swift */; };
		4A821A6924FB2B5800A1692A /* ViewModel.swift in Sources */ = {isa = PBXBuildFile; fileRef = 4A821A6824FB2B5800A1692A /* ViewModel.swift */; };
/* End PBXBuildFile section */

/* Begin PBXFileReference section */
		4A821A3F24FB1FE800A1692A /* pensamentos.app */ = {isa = PBXFileReference; explicitFileType = wrapper.application; includeInIndex = 0; path = pensamentos.app; sourceTree = BUILT_PRODUCTS_DIR; };
		4A821A4224FB1FE800A1692A /* AppDelegate.swift */ = {isa = PBXFileReference; lastKnownFileType = sourcecode.swift; path = AppDelegate.swift; sourceTree = "<group>"; };
		4A821A4424FB1FE800A1692A /* SceneDelegate.swift */ = {isa = PBXFileReference; lastKnownFileType = sourcecode.swift; path = SceneDelegate.swift; sourceTree = "<group>"; };
		4A821A4624FB1FE800A1692A /* ContentView.swift */ = {isa = PBXFileReference; lastKnownFileType = sourcecode.swift; path = ContentView.swift; sourceTree = "<group>"; };
		4A821A4B24FB1FF000A1692A /* Preview Assets.xcassets */ = {isa = PBXFileReference; lastKnownFileType = folder.assetcatalog; path = "Preview Assets.xcassets"; sourceTree = "<group>"; };
		4A821A4E24FB1FF000A1692A /* Base */ = {isa = PBXFileReference; lastKnownFileType = file.storyboard; name = Base; path = Base.lproj/LaunchScreen.storyboard; sourceTree = "<group>"; };
		4A821A5024FB1FF000A1692A /* Info.plist */ = {isa = PBXFileReference; lastKnownFileType = text.plist.xml; path = Info.plist; sourceTree = "<group>"; };
		4A821A5824FB22B300A1692A /* HomeView.swift */ = {isa = PBXFileReference; lastKnownFileType = sourcecode.swift; path = HomeView.swift; sourceTree = "<group>"; };
		4A821A5A24FB22E500A1692A /* ConfigView.swift */ = {isa = PBXFileReference; lastKnownFileType = sourcecode.swift; path = ConfigView.swift; sourceTree = "<group>"; };
		4A821A5C24FB29FB00A1692A /* Assets.xcassets */ = {isa = PBXFileReference; lastKnownFileType = folder.assetcatalog; name = Assets.xcassets; path = "../../../../../../Downloads/iOS-master/Pensamentos/Pensamentos/Assets.xcassets"; sourceTree = "<group>"; };
		4A821A5F24FB2A2000A1692A /* Savoye LET.ttc */ = {isa = PBXFileReference; lastKnownFileType = file; path = "Savoye LET.ttc"; sourceTree = "<group>"; };
		4A821A6224FB2A8600A1692A /* quotes.json */ = {isa = PBXFileReference; fileEncoding = 4; lastKnownFileType = text.json; path = quotes.json; sourceTree = "<group>"; };
		4A821A6324FB2A8600A1692A /* Quote.swift */ = {isa = PBXFileReference; fileEncoding = 4; lastKnownFileType = sourcecode.swift; path = Quote.swift; sourceTree = "<group>"; };
		4A821A6424FB2A8600A1692A /* QuoteManager.swift */ = {isa = PBXFileReference; fileEncoding = 4; lastKnownFileType = sourcecode.swift; path = QuoteManager.swift; sourceTree = "<group>"; };
		4A821A6824FB2B5800A1692A /* ViewModel.swift */ = {isa = PBXFileReference; lastKnownFileType = sourcecode.swift; path = ViewModel.swift; sourceTree = "<group>"; };
/* End PBXFileReference section */

/* Begin PBXFrameworksBuildPhase section */
		4A821A3C24FB1FE800A1692A /* Frameworks */ = {
			isa = PBXFrameworksBuildPhase;
			buildActionMask = 2147483647;
			files = (
			);
			runOnlyForDeploymentPostprocessing = 0;
		};
/* End PBXFrameworksBuildPhase section */

/* Begin PBXGroup section */
		4A821A3624FB1FE700A1692A = {
			isa = PBXGroup;
			children = (
				4A821A4124FB1FE800A1692A /* pensamentos */,
				4A821A4024FB1FE800A1692A /* Products */,
			);
			sourceTree = "<group>";
		};
		4A821A4024FB1FE800A1692A /* Products */ = {
			isa = PBXGroup;
			children = (
				4A821A3F24FB1FE800A1692A /* pensamentos.app */,
			);
			name = Products;
			sourceTree = "<group>";
		};
		4A821A4124FB1FE800A1692A /* pensamentos */ = {
			isa = PBXGroup;
			children = (
				4A821A6124FB2A8600A1692A /* Models */,
				4A821A5E24FB2A2000A1692A /* Assets */,
				4A821A5C24FB29FB00A1692A /* Assets.xcassets */,
				4A821A5724FB229700A1692A /* config */,
				4A821A5624FB228C00A1692A /* home */,
				4A821A4224FB1FE800A1692A /* AppDelegate.swift */,
				4A821A4424FB1FE800A1692A /* SceneDelegate.swift */,
				4A821A4624FB1FE800A1692A /* ContentView.swift */,
				4A821A4D24FB1FF000A1692A /* LaunchScreen.storyboard */,
				4A821A5024FB1FF000A1692A /* Info.plist */,
				4A821A4A24FB1FF000A1692A /* Preview Content */,
				4A821A6824FB2B5800A1692A /* ViewModel.swift */,
			);
			path = pensamentos;
			sourceTree = "<group>";
		};
		4A821A4A24FB1FF000A1692A /* Preview Content */ = {
			isa = PBXGroup;
			children = (
				4A821A4B24FB1FF000A1692A /* Preview Assets.xcassets */,
			);
			path = "Preview Content";
			sourceTree = "<group>";
		};
		4A821A5624FB228C00A1692A /* home */ = {
			isa = PBXGroup;
			children = (
				4A821A5824FB22B300A1692A /* HomeView.swift */,
			);
			path = home;
			sourceTree = "<group>";
		};
		4A821A5724FB229700A1692A /* config */ = {
			isa = PBXGroup;
			children = (
				4A821A5A24FB22E500A1692A /* ConfigView.swift */,
			);
			path = config;
			sourceTree = "<group>";
		};
		4A821A5E24FB2A2000A1692A /* Assets */ = {
			isa = PBXGroup;
			children = (
				4A821A5F24FB2A2000A1692A /* Savoye LET.ttc */,
			);
			name = Assets;
			path = "../../../../../../Downloads/iOS-master/Pensamentos/Pensamentos/Assets";
			sourceTree = "<group>";
		};
		4A821A6124FB2A8600A1692A /* Models */ = {
			isa = PBXGroup;
			children = (
				4A821A6224FB2A8600A1692A /* quotes.json */,
				4A821A6324FB2A8600A1692A /* Quote.swift */,
				4A821A6424FB2A8600A1692A /* QuoteManager.swift */,
			);
			name = Models;
			path = "../../../../../../Downloads/iOS-master/Pensamentos/Pensamentos/Models";
			sourceTree = "<group>";
		};
/* End PBXGroup section */

/* Begin PBXNativeTarget section */
		4A821A3E24FB1FE800A1692A /* pensamentos */ = {
			isa = PBXNativeTarget;
			buildConfigurationList = 4A821A5324FB1FF000A1692A /* Build configuration list for PBXNativeTarget "pensamentos" */;
			buildPhases = (
				4A821A3B24FB1FE800A1692A /* Sources */,
				4A821A3C24FB1FE800A1692A /* Frameworks */,
				4A821A3D24FB1FE800A1692A /* Resources */,
			);
			buildRules = (
			);
			dependencies = (
			);
			name = pensamentos;
			productName = pensamentos;
			productReference = 4A821A3F24FB1FE800A1692A /* pensamentos.app */;
			productType = "com.apple.product-type.application";
		};
/* End PBXNativeTarget section */

/* Begin PBXProject section */
		4A821A3724FB1FE700A1692A /* Project object */ = {
			isa = PBXProject;
			attributes = {
				LastSwiftUpdateCheck = 1140;
				LastUpgradeCheck = 1140;
				ORGANIZATIONNAME = "Diego Alves Openheimer";
				TargetAttributes = {
					4A821A3E24FB1FE800A1692A = {
						CreatedOnToolsVersion = 11.4.1;
					};
				};
			};
			buildConfigurationList = 4A821A3A24FB1FE700A1692A /* Build configuration list for PBXProject "pensamentos" */;
			compatibilityVersion = "Xcode 9.3";
			developmentRegion = en;
			hasScannedForEncodings = 0;
			knownRegions = (
				en,
				Base,
			);
			mainGroup = 4A821A3624FB1FE700A1692A;
			productRefGroup = 4A821A4024FB1FE800A1692A /* Products */;
			projectDirPath = "";
			projectRoot = "";
			targets = (
				4A821A3E24FB1FE800A1692A /* pensamentos */,
			);
		};
/* End PBXProject section */

/* Begin PBXResourcesBuildPhase section */
		4A821A3D24FB1FE800A1692A /* Resources */ = {
			isa = PBXResourcesBuildPhase;
			buildActionMask = 2147483647;
			files = (
				4A821A4F24FB1FF000A1692A /* LaunchScreen.storyboard in Resources */,
				4A821A6524FB2A8600A1692A /* quotes.json in Resources */,
				4A821A4C24FB1FF000A1692A /* Preview Assets.xcassets in Resources */,
				4A821A5D24FB29FB00A1692A /* Assets.xcassets in Resources */,
				4A821A6024FB2A2000A1692A /* Savoye LET.ttc in Resources */,
			);
			runOnlyForDeploymentPostprocessing = 0;
		};
/* End PBXResourcesBuildPhase section */

/* Begin PBXSourcesBuildPhase section */
		4A821A3B24FB1FE800A1692A /* Sources */ = {
			isa = PBXSourcesBuildPhase;
			buildActionMask = 2147483647;
			files = (
				4A821A4324FB1FE800A1692A /* AppDelegate.swift in Sources */,
				4A821A5B24FB22E500A1692A /* ConfigView.swift in Sources */,
				4A821A5924FB22B300A1692A /* HomeView.swift in Sources */,
				4A821A6724FB2A8600A1692A /* QuoteManager.swift in Sources */,
				4A821A4524FB1FE800A1692A /* SceneDelegate.swift in Sources */,
				4A821A6624FB2A8600A1692A /* Quote.swift in Sources */,
				4A821A6924FB2B5800A1692A /* ViewModel.swift in Sources */,
				4A821A4724FB1FE800A1692A /* ContentView.swift in Sources */,
			);
			runOnlyForDeploymentPostprocessing = 0;
		};
/* End PBXSourcesBuildPhase section */

/* Begin PBXVariantGroup section */
		4A821A4D24FB1FF000A1692A /* LaunchScreen.storyboard */ = {
			isa = PBXVariantGroup;
			children = (
				4A821A4E24FB1FF000A1692A /* Base */,
			);
			name = LaunchScreen.storyboard;
			sourceTree = "<group>";
		};
/* End PBXVariantGroup section */

/* Begin XCBuildConfiguration section */
		4A821A5124FB1FF000A1692A /* Debug */ = {
			isa = XCBuildConfiguration;
			buildSettings = {
				ALWAYS_SEARCH_USER_PATHS = NO;
				CLANG_ANALYZER_NONNULL = YES;
				CLANG_ANALYZER_NUMBER_OBJECT_CONVERSION = YES_AGGRESSIVE;
				CLANG_CXX_LANGUAGE_STANDARD = "gnu++14";
				CLANG_CXX_LIBRARY = "libc++";
				CLANG_ENABLE_MODULES = YES;
				CLANG_ENABLE_OBJC_ARC = YES;
				CLANG_ENABLE_OBJC_WEAK = YES;
				CLANG_WARN_BLOCK_CAPTURE_AUTORELEASING = YES;
				CLANG_WARN_BOOL_CONVERSION = YES;
				CLANG_WARN_COMMA = YES;
				CLANG_WARN_CONSTANT_CONVERSION = YES;
				CLANG_WARN_DEPRECATED_OBJC_IMPLEMENTATIONS = YES;
				CLANG_WARN_DIRECT_OBJC_ISA_USAGE = YES_ERROR;
				CLANG_WARN_DOCUMENTATION_COMMENTS = YES;
				CLANG_WARN_EMPTY_BODY = YES;
				CLANG_WARN_ENUM_CONVERSION = YES;
				CLANG_WARN_INFINITE_RECURSION = YES;
				CLANG_WARN_INT_CONVERSION = YES;
				CLANG_WARN_NON_LITERAL_NULL_CONVERSION = YES;
				CLANG_WARN_OBJC_IMPLICIT_RETAIN_SELF = YES;
				CLANG_WARN_OBJC_LITERAL_CONVERSION = YES;
				CLANG_WARN_OBJC_ROOT_CLASS = YES_ERROR;
				CLANG_WARN_RANGE_LOOP_ANALYSIS = YES;
				CLANG_WARN_STRICT_PROTOTYPES = YES;
				CLANG_WARN_SUSPICIOUS_MOVE = YES;
				CLANG_WARN_UNGUARDED_AVAILABILITY = YES_AGGRESSIVE;
				CLANG_WARN_UNREACHABLE_CODE = YES;
				CLANG_WARN__DUPLICATE_METHOD_MATCH = YES;
				COPY_PHASE_STRIP = NO;
				DEBUG_INFORMATION_FORMAT = dwarf;
				ENABLE_STRICT_OBJC_MSGSEND = YES;
				ENABLE_TESTABILITY = YES;
				GCC_C_LANGUAGE_STANDARD = gnu11;
				GCC_DYNAMIC_NO_PIC = NO;
				GCC_NO_COMMON_BLOCKS = YES;
				GCC_OPTIMIZATION_LEVEL = 0;
				GCC_PREPROCESSOR_DEFINITIONS = (
					"DEBUG=1",
					"$(inherited)",
				);
				GCC_WARN_64_TO_32_BIT_CONVERSION = YES;
				GCC_WARN_ABOUT_RETURN_TYPE = YES_ERROR;
				GCC_WARN_UNDECLARED_SELECTOR = YES;
				GCC_WARN_UNINITIALIZED_AUTOS = YES_AGGRESSIVE;
				GCC_WARN_UNUSED_FUNCTION = YES;
				GCC_WARN_UNUSED_VARIABLE = YES;
				IPHONEOS_DEPLOYMENT_TARGET = 13.4;
				MTL_ENABLE_DEBUG_INFO = INCLUDE_SOURCE;
				MTL_FAST_MATH = YES;
				ONLY_ACTIVE_ARCH = YES;
				SDKROOT = iphoneos;
				SWIFT_ACTIVE_COMPILATION_CONDITIONS = DEBUG;
				SWIFT_OPTIMIZATION_LEVEL = "-Onone";
			};
			name = Debug;
		};
		4A821A5224FB1FF000A1692A /* Release */ = {
			isa = XCBuildConfiguration;
			buildSettings = {
				ALWAYS_SEARCH_USER_PATHS = NO;
				CLANG_ANALYZER_NONNULL = YES;
				CLANG_ANALYZER_NUMBER_OBJECT_CONVERSION = YES_AGGRESSIVE;
				CLANG_CXX_LANGUAGE_STANDARD = "gnu++14";
				CLANG_CXX_LIBRARY = "libc++";
				CLANG_ENABLE_MODULES = YES;
				CLANG_ENABLE_OBJC_ARC = YES;
				CLANG_ENABLE_OBJC_WEAK = YES;
				CLANG_WARN_BLOCK_CAPTURE_AUTORELEASING = YES;
				CLANG_WARN_BOOL_CONVERSION = YES;
				CLANG_WARN_COMMA = YES;
				CLANG_WARN_CONSTANT_CONVERSION = YES;
				CLANG_WARN_DEPRECATED_OBJC_IMPLEMENTATIONS = YES;
				CLANG_WARN_DIRECT_OBJC_ISA_USAGE = YES_ERROR;
				CLANG_WARN_DOCUMENTATION_COMMENTS = YES;
				CLANG_WARN_EMPTY_BODY = YES;
				CLANG_WARN_ENUM_CONVERSION = YES;
				CLANG_WARN_INFINITE_RECURSION = YES;
				CLANG_WARN_INT_CONVERSION = YES;
				CLANG_WARN_NON_LITERAL_NULL_CONVERSION = YES;
				CLANG_WARN_OBJC_IMPLICIT_RETAIN_SELF = YES;
				CLANG_WARN_OBJC_LITERAL_CONVERSION = YES;
				CLANG_WARN_OBJC_ROOT_CLASS = YES_ERROR;
				CLANG_WARN_RANGE_LOOP_ANALYSIS = YES;
				CLANG_WARN_STRICT_PROTOTYPES = YES;
				CLANG_WARN_SUSPICIOUS_MOVE = YES;
				CLANG_WARN_UNGUARDED_AVAILABILITY = YES_AGGRESSIVE;
				CLANG_WARN_UNREACHABLE_CODE = YES;
				CLANG_WARN__DUPLICATE_METHOD_MATCH = YES;
				COPY_PHASE_STRIP = NO;
				DEBUG_INFORMATION_FORMAT = "dwarf-with-dsym";
				ENABLE_NS_ASSERTIONS = NO;
				ENABLE_STRICT_OBJC_MSGSEND = YES;
				GCC_C_LANGUAGE_STANDARD = gnu11;
				GCC_NO_COMMON_BLOCKS = YES;
				GCC_WARN_64_TO_32_BIT_CONVERSION = YES;
				GCC_WARN_ABOUT_RETURN_TYPE = YES_ERROR;
				GCC_WARN_UNDECLARED_SELECTOR = YES;
				GCC_WARN_UNINITIALIZED_AUTOS = YES_AGGRESSIVE;
				GCC_WARN_UNUSED_FUNCTION = YES;
				GCC_WARN_UNUSED_VARIABLE = YES;
				IPHONEOS_DEPLOYMENT_TARGET = 13.4;
				MTL_ENABLE_DEBUG_INFO = NO;
				MTL_FAST_MATH = YES;
				SDKROOT = iphoneos;
				SWIFT_COMPILATION_MODE = wholemodule;
				SWIFT_OPTIMIZATION_LEVEL = "-O";
				VALIDATE_PRODUCT = YES;
			};
			name = Release;
		};
		4A821A5424FB1FF000A1692A /* Debug */ = {
			isa = XCBuildConfiguration;
			buildSettings = {
				ASSETCATALOG_COMPILER_APPICON_NAME = AppIcon;
				CODE_SIGN_STYLE = Automatic;
				DEVELOPMENT_ASSET_PATHS = "\"pensamentos/Preview Content\"";
				ENABLE_PREVIEWS = YES;
				INFOPLIST_FILE = pensamentos/Info.plist;
				LD_RUNPATH_SEARCH_PATHS = (
					"$(inherited)",
					"@executable_path/Frameworks",
				);
				PRODUCT_BUNDLE_IDENTIFIER = com.openheimer.pensamentos;
				PRODUCT_NAME = "$(TARGET_NAME)";
				SWIFT_VERSION = 5.0;
				TARGETED_DEVICE_FAMILY = "1,2";
			};
			name = Debug;
		};
		4A821A5524FB1FF000A1692A /* Release */ = {
			isa = XCBuildConfiguration;
			buildSettings = {
				ASSETCATALOG_COMPILER_APPICON_NAME = AppIcon;
				CODE_SIGN_STYLE = Automatic;
				DEVELOPMENT_ASSET_PATHS = "\"pensamentos/Preview Content\"";
				ENABLE_PREVIEWS = YES;
				INFOPLIST_FILE = pensamentos/Info.plist;
				LD_RUNPATH_SEARCH_PATHS = (
					"$(inherited)",
					"@executable_path/Frameworks",
				);
				PRODUCT_BUNDLE_IDENTIFIER = com.openheimer.pensamentos;
				PRODUCT_NAME = "$(TARGET_NAME)";
				SWIFT_VERSION = 5.0;
				TARGETED_DEVICE_FAMILY = "1,2";
			};
			name = Release;
		};
/* End XCBuildConfiguration section */

/* Begin XCConfigurationList section */
		4A821A3A24FB1FE700A1692A /* Build configuration list for PBXProject "pensamentos" */ = {
			isa = XCConfigurationList;
			buildConfigurations = (
				4A821A5124FB1FF000A1692A /* Debug */,
				4A821A5224FB1FF000A1692A /* Release */,
			);
			defaultConfigurationIsVisible = 0;
			defaultConfigurationName = Release;
		};
		4A821A5324FB1FF000A1692A /* Build configuration list for PBXNativeTarget "pensamentos" */ = {
			isa = XCConfigurationList;
			buildConfigurations = (
				4A821A5424FB1FF000A1692A /* Debug */,
				4A821A5524FB1FF000A1692A /* Release */,
			);
			defaultConfigurationIsVisible = 0;
			defaultConfigurationName = Release;
		};
/* End XCConfigurationList section */
	};
	rootObject = 4A821A3724FB1FE700A1692A /* Project object */;
}
